{
  "lockfile-version": 1,
  "manifest": {
    "schema-version": "1.12.0",
    "minimum-cli-version": "1.12.0",
    "install": {
      "cargo-nextest": {
        "pkg-path": "cargo-nextest"
      },
      "gcc": {
        "pkg-path": "gcc",
        "outputs": "all"
      },
      "just": {
        "pkg-path": "just",
        "outputs": "all"
      },
      "libiconv": {
        "pkg-path": "libiconv",
        "systems": [
          "aarch64-darwin",
          "x86_64-darwin"
        ],
        "outputs": "all"
      },
      "rustup": {
        "pkg-path": "rustup"
      },
      "watchexec": {
        "pkg-path": "watchexec"
      }
    },
    "vars": {
      "CARGO_HOME": "$FLOX_ENV_PROJECT/.flox/cache/cargo",
      "PATH": "$CARGO_HOME/bin:$PATH",
      "RUSTUP_HOME": "$FLOX_ENV_PROJECT/.flox/cache/rustup"
    },
    "hook": {
      "on-activate": "  # Fix for cargo issues with LD_AUDIT on flox (https://github.com/flox/flox/issues/1341#issuecomment-2067207817)\n  unset LD_AUDIT\n\n  # Install stable toolchain if not present\n  if [ ! -d \"$RUSTUP_HOME/toolchains\" ]; then\n    echo \"Installing stable toolchain to project directory...\"\n    rustup toolchain install stable\n    rustup default stable\n    echo \"Stable toolchain installed\"\n  fi\n\n  echo \"You are now floxed up!\"\n  echo \"-> Run 'just' to see all available commands.\"\n  echo \"Rust: $(rustc --version)\"\n"
    },
    "profile": {},
    "options": {}
  },
  "packages": [
    {
      "attr_path": "cargo-nextest",
      "broken": false,
      "derivation": "/nix/store/dqxpy4zh1s24ydzbp54711g7x9i9nmla-cargo-nextest-0.9.138.drv",
      "description": "Next-generation test runner for Rust projects",
      "install_id": "cargo-nextest",
      "license": "[ MIT, Apache-2.0 ]",
      "locked_url": "https://github.com/flox/nixpkgs?rev=d407951447dcd00442e97087bf374aad70c04cea",
      "name": "cargo-nextest-0.9.138",
      "pname": "cargo-nextest",
      "rev": "d407951447dcd00442e97087bf374aad70c04cea",
      "rev_count": 1027867,
      "rev_date": "2026-07-05T04:06:12Z",
      "scrape_date": "2026-07-06T03:12:54.980774Z",
      "stabilities": [
        "staging",
        "unstable"
      ],
      "unfree": false,
      "version": "0.9.138",
      "outputs_to_install": [
        "out"
      ],
      "outputs": {
        "out": "/nix/store/4949wpymfypf8ihhds3q586kr83znbbj-cargo-nextest-0.9.138"
      },
      "system": "aarch64-darwin",
      "group": "toplevel",
      "priority": 5
    },
    {
      "attr_path": "cargo-nextest",
      "broken": false,
      "derivation": "/nix/store/j18kdwln5hmxbq760g2r82qf4sw3yir2-cargo-nextest-0.9.138.drv",
      "description": "Next-generation test runner for Rust projects",
      "install_id": "cargo-nextest",
      "license": "[ MIT, Apache-2.0 ]",
      "locked_url": "https://github.com/flox/nixpkgs?rev=d407951447dcd00442e97087bf374aad70c04cea",
      "name": "cargo-nextest-0.9.138",
      "pname": "cargo-nextest",
      "rev": "d407951447dcd00442e97087bf374aad70c04cea",
      "rev_count": 1027867,
      "rev_date": "2026-07-05T04:06:12Z",
      "scrape_date": "2026-07-06T03:41:21.560998Z",
      "stabilities": [
        "staging",
        "unstable"
      ],
      "unfree": false,
      "version": "0.9.138",
      "outputs_to_install": [
        "out"
      ],
      "outputs": {
        "out": "/nix/store/bhmxqrj370hhg4yjrwlrizisjs7b52jq-cargo-nextest-0.9.138"
      },
      "system": "aarch64-linux",
      "group": "toplevel",
      "priority": 5
    },
    {
      "attr_path": "cargo-nextest",
      "broken": false,
      "derivation": "/nix/store/7y17q8zd8w79qbkj5cd2wf6pllh7c9vx-cargo-nextest-0.9.138.drv",
      "description": "Next-generation test runner for Rust projects",
      "install_id": "cargo-nextest",
      "license": "[ MIT, Apache-2.0 ]",
      "locked_url": "https://github.com/flox/nixpkgs?rev=d407951447dcd00442e97087bf374aad70c04cea",
      "name": "cargo-nextest-0.9.138",
      "pname": "cargo-nextest",
      "rev": "d407951447dcd00442e97087bf374aad70c04cea",
      "rev_count": 1027867,
      "rev_date": "2026-07-05T04:06:12Z",
      "scrape_date": "2026-07-06T04:09:00.311776Z",
      "stabilities": [
        "staging",
        "unstable"
      ],
      "unfree": false,
      "version": "0.9.138",
      "outputs_to_install": [
        "out"
      ],
      "outputs": {
        "out": "/nix/store/2fvpaagxybbhdlysisc5kl6lr7wizqbl-cargo-nextest-0.9.138"
      },
      "system": "x86_64-darwin",
      "group": "toplevel",
      "priority": 5
    },
    {
      "attr_path": "cargo-nextest",
      "broken": false,
      "derivation": "/nix/store/3i53m50gp03z58d3gd8y6sbi9mr64khn-cargo-nextest-0.9.138.drv",
      "description": "Next-generation test runner for Rust projects",
      "install_id": "cargo-nextest",
      "license": "[ MIT, Apache-2.0 ]",
      "locked_url": "https://github.com/flox/nixpkgs?rev=d407951447dcd00442e97087bf374aad70c04cea",
      "name": "cargo-nextest-0.9.138",
      "pname": "cargo-nextest",
      "rev": "d407951447dcd00442e97087bf374aad70c04cea",
      "rev_count": 1027867,
      "rev_date": "2026-07-05T04:06:12Z",
      "scrape_date": "2026-07-06T04:40:24.188880Z",
      "stabilities": [
        "staging",
        "unstable"
      ],
      "unfree": false,
      "version": "0.9.138",
      "outputs_to_install": [
        "out"
      ],
      "outputs": {
        "out": "/nix/store/55x1djjyadbaa89qp4hh03irs7z9nazz-cargo-nextest-0.9.138"
      },
      "system": "x86_64-linux",
      "group": "toplevel",
      "priority": 5
    },
    {
      "attr_path": "gcc",
      "broken": false,
      "derivation": "/nix/store/a8p7xpnqqs0za19izm935yq01v8pclj9-gcc-wrapper-15.2.0.drv",
      "description": "GNU Compiler Collection, version 15.2.0 (wrapper script)",
      "install_id": "gcc",
      "license": "GPL-3.0-or-later",
      "locked_url": "https://github.com/flox/nixpkgs?rev=d407951447dcd00442e97087bf374aad70c04cea",
      "name": "gcc-wrapper-15.2.0",
      "pname": "gcc",
      "rev": "d407951447dcd00442e97087bf374aad70c04cea",
      "rev_count": 1027867,
      "rev_date": "2026-07-05T04:06:12Z",
      "scrape_date": "2026-07-06T03:12:56.001176Z",
      "stabilities": [
        "staging",
        "unstable"
      ],
      "unfree": false,
      "version": "15.2.0",
      "outputs_to_install": [
        "man",
        "out"
      ],
      "outputs": {
        "info": "/nix/store/xvaia7fvdsppazilkxx34ldmka1dfz34-gcc-wrapper-15.2.0-info",
        "man": "/nix/store/n9qxwk3ix9q621ld9bi37lzljq1g89hv-gcc-wrapper-15.2.0-man",
        "out": "/nix/store/46q5yc4cxiyhbfhgff77hqwis7kky0yw-gcc-wrapper-15.2.0"
      },
      "system": "aarch64-darwin",
      "group": "toplevel",
      "priority": 5
    },
    {
      "attr_path": "gcc",
      "broken": false,
      "derivation": "/nix/store/20anxjdl57s231l1qazlnmrx3m3vx5bk-gcc-wrapper-15.2.0.drv",
      "description": "GNU Compiler Collection, version 15.2.0 (wrapper script)",
      "install_id": "gcc",
      "license": "GPL-3.0-or-later",
      "locked_url": "https://github.com/flox/nixpkgs?rev=d407951447dcd00442e97087bf374aad70c04cea",
      "name": "gcc-wrapper-15.2.0",
      "pname": "gcc",
      "rev": "d407951447dcd00442e97087bf374aad70c04cea",
      "rev_count": 1027867,
      "rev_date": "2026-07-05T04:06:12Z",
      "scrape_date": "2026-07-06T03:41:23.021572Z",
      "stabilities": [
        "staging",
        "unstable"
      ],
      "unfree": false,
      "version": "15.2.0",
      "outputs_to_install": [
        "man",
        "out",
        "out"
      ],
      "outputs": {
        "info": "/nix/store/rla3j1fb1yzgglxc8g6p7q34vkp1h5zb-gcc-wrapper-15.2.0-info",
        "man": "/nix/store/07nfp0wv2yk9k6h7qg5h3nhgxkkr9hc3-gcc-wrapper-15.2.0-man",
        "out": "/nix/store/lx4f4lvm5hrbxbils30ssjal1jz9yxgh-gcc-wrapper-15.2.0"
      },
      "system": "aarch64-linux",
      "group": "toplevel",
      "priority": 5
    },
    {
      "attr_path": "gcc",
      "broken": false,
      "derivation": "/nix/store/160s4m0c6rbs4apvbzb068q4ldw49618-gcc-wrapper-15.2.0.drv",
      "description": "GNU Compiler Collection, version 15.2.0 (wrapper script)",
      "install_id": "gcc",
      "license": "GPL-3.0-or-later",
      "locked_url": "https://github.com/flox/nixpkgs?rev=d407951447dcd00442e97087bf374aad70c04cea",
      "name": "gcc-wrapper-15.2.0",
      "pname": "gcc",
      "rev": "d407951447dcd00442e97087bf374aad70c04cea",
      "rev_count": 1027867,
      "rev_date": "2026-07-05T04:06:12Z",
      "scrape_date": "2026-07-06T04:09:01.501603Z",
      "stabilities": [
        "staging",
        "unstable"
      ],
      "unfree": false,
      "version": "15.2.0",
      "outputs_to_install": [
        "man",
        "out"
      ],
      "outputs": {
        "info": "/nix/store/y0vblnaz09f5hws1pnx59fzvlpcrd1zn-gcc-wrapper-15.2.0-info",
        "man": "/nix/store/zhrv9vafnz3agiwznkij8p36fpa17py7-gcc-wrapper-15.2.0-man",
        "out": "/nix/store/a9dhskc2ladjh7aph2z1b7x0lsdl506l-gcc-wrapper-15.2.0"
      },
      "system": "x86_64-darwin",
      "group": "toplevel",
      "priority": 5
    },
    {
      "attr_path": "gcc",
      "broken": false,
      "derivation": "/nix/store/bmwhgbaq6jk87imr4nsldixk9ccc1vl4-gcc-wrapper-15.2.0.drv",
      "description": "GNU Compiler Collection, version 15.2.0 (wrapper script)",
      "install_id": "gcc",
      "license": "GPL-3.0-or-later",
      "locked_url": "https://github.com/flox/nixpkgs?rev=d407951447dcd00442e97087bf374aad70c04cea",
      "name": "gcc-wrapper-15.2.0",
      "pname": "gcc",
      "rev": "d407951447dcd00442e97087bf374aad70c04cea",
      "rev_count": 1027867,
      "rev_date": "2026-07-05T04:06:12Z",
      "scrape_date": "2026-07-06T04:40:25.789231Z",
      "stabilities": [
        "staging",
        "unstable"
      ],
      "unfree": false,
      "version": "15.2.0",
      "outputs_to_install": [
        "man",
        "man",
        "man",
        "out",
        "out",
        "out",
        "out"
      ],
      "outputs": {
        "info": "/nix/store/pcar1vqvmn2y42lplzca392yx605kk31-gcc-wrapper-15.2.0-info",
        "man": "/nix/store/dxqah042znlglapf07vha4qannacibf2-gcc-wrapper-15.2.0-man",
        "out": "/nix/store/xcnqqnhw9hb4j5rjgds2yjryi8qki5f3-gcc-wrapper-15.2.0"
      },
      "system": "x86_64-linux",
      "group": "toplevel",
      "priority": 5
    },
    {
      "attr_path": "just",
      "broken": false,
      "derivation": "/nix/store/gpfajbzmcdpnvwya8hpy30dhndlvn26z-just-1.55.1.drv",
      "description": "Handy way to save and run project-specific commands",
      "install_id": "just",
      "license": "CC0-1.0",
      "locked_url": "https://github.com/flox/nixpkgs?rev=d407951447dcd00442e97087bf374aad70c04cea",
      "name": "just-1.55.1",
      "pname": "just",
      "rev": "d407951447dcd00442e97087bf374aad70c04cea",
      "rev_count": 1027867,
      "rev_date": "2026-07-05T04:06:12Z",
      "scrape_date": "2026-07-06T03:13:12.610781Z",
      "stabilities": [
        "staging",
        "unstable"
      ],
      "unfree": false,
      "version": "1.55.1",
      "outputs_to_install": [
        "man",
        "out"
      ],
      "outputs": {
        "doc": "/nix/store/00x8x32glg9dl80iaqf0l71x3n61pz3w-just-1.55.1-doc",
        "man": "/nix/store/sgz4z3dmacmyjis88lnzmxymnx1biyzx-just-1.55.1-man",
        "out": "/nix/store/1dhw1q8xgl7xv4s8fc4qn9j2j4p7hk80-just-1.55.1"
      },
      "system": "aarch64-darwin",
      "group": "toplevel",
      "priority": 5
    },
    {
      "attr_path": "just",
      "broken": false,
      "derivation": "/nix/store/bg38n4a4aqpfm7a6qy6kipij6s5v67q4-just-1.55.1.drv",
      "description": "Handy way to save and run project-specific commands",
      "install_id": "just",
      "license": "CC0-1.0",
      "locked_url": "https://github.com/flox/nixpkgs?rev=d407951447dcd00442e97087bf374aad70c04cea",
      "name": "just-1.55.1",
      "pname": "just",
      "rev": "d407951447dcd00442e97087bf374aad70c04cea",
      "rev_count": 1027867,
      "rev_date": "2026-07-05T04:06:12Z",
      "scrape_date": "2026-07-06T03:41:44.394333Z",
      "stabilities": [
        "staging",
        "unstable"
      ],
      "unfree": false,
      "version": "1.55.1",
      "outputs_to_install": [
        "man",
        "out"
      ],
      "outputs": {
        "doc": "/nix/store/bpx387pblrn45yjnscymlwhpfqsfr08s-just-1.55.1-doc",
        "man": "/nix/store/8ah43vk8bvjw2i9rfx7kq8wrfjxg73dl-just-1.55.1-man",
        "out": "/nix/store/k4wf32cjghnqdb0ia7n0mr3fjjcs6240-just-1.55.1"
      },
      "system": "aarch64-linux",
      "group": "toplevel",
      "priority": 5
    },
    {
      "attr_path": "just",
      "broken": false,
      "derivation": "/nix/store/kpm5synzhc0arj6wbp5ciadq3wgb0xl7-just-1.55.1.drv",
      "description": "Handy way to save and run project-specific commands",
      "install_id": "just",
      "license": "CC0-1.0",
      "locked_url": "https://github.com/flox/nixpkgs?rev=d407951447dcd00442e97087bf374aad70c04cea",
      "name": "just-1.55.1",
      "pname": "just",
      "rev": "d407951447dcd00442e97087bf374aad70c04cea",
      "rev_count": 1027867,
      "rev_date": "2026-07-05T04:06:12Z",
      "scrape_date": "2026-07-06T04:09:22.248655Z",
      "stabilities": [
        "staging",
        "unstable"
      ],
      "unfree": false,
      "version": "1.55.1",
      "outputs_to_install": [
        "man",
        "out"
      ],
      "outputs": {
        "doc": "/nix/store/4hr1i7iizrvxl5qc9xhq12gscgs0b1nl-just-1.55.1-doc",
        "man": "/nix/store/4fz7kgnf4llinmji6nqbd3h20w1v0661-just-1.55.1-man",
        "out": "/nix/store/66nwz7gqzp6wkw8r9x23z45lf7ysc74b-just-1.55.1"
      },
      "system": "x86_64-darwin",
      "group": "toplevel",
      "priority": 5
    },
    {
      "attr_path": "just",
      "broken": false,
      "derivation": "/nix/store/5f1667rpw512ssdlxc9z34lm39gr2qrn-just-1.55.1.drv",
      "description": "Handy way to save and run project-specific commands",
      "install_id": "just",
      "license": "CC0-1.0",
      "locked_url": "https://github.com/flox/nixpkgs?rev=d407951447dcd00442e97087bf374aad70c04cea",
      "name": "just-1.55.1",
      "pname": "just",
      "rev": "d407951447dcd00442e97087bf374aad70c04cea",
      "rev_count": 1027867,
      "rev_date": "2026-07-05T04:06:12Z",
      "scrape_date": "2026-07-06T04:40:47.888909Z",
      "stabilities": [
        "staging",
        "unstable"
      ],
      "unfree": false,
      "version": "1.55.1",
      "outputs_to_install": [
        "man",
        "out"
      ],
      "outputs": {
        "doc": "/nix/store/kl275lkx9b6qf5d8jjxi1nfwzxigr5qm-just-1.55.1-doc",
        "man": "/nix/store/hzwjzvr50g5rzla3xa8nmd9sak7sqw5i-just-1.55.1-man",
        "out": "/nix/store/4q0ksvaggh0zb50jmff9vr929b0z3r6f-just-1.55.1"
      },
      "system": "x86_64-linux",
      "group": "toplevel",
      "priority": 5
    },
    {
      "attr_path": "libiconv",
      "broken": false,
      "derivation": "/nix/store/irkbdz86bxcbd2c206gqx4m1csj09g53-libiconv-113.drv",
      "description": "Iconv(3) implementation",
      "install_id": "libiconv",
      "license": "[ BSD-2-Clause, BSD-3-Clause, APSL-1.0 ]",
      "locked_url": "https://github.com/flox/nixpkgs?rev=d407951447dcd00442e97087bf374aad70c04cea",
      "name": "libiconv-113",
      "pname": "libiconv",
      "rev": "d407951447dcd00442e97087bf374aad70c04cea",
      "rev_count": 1027867,
      "rev_date": "2026-07-05T04:06:12Z",
      "scrape_date": "2026-07-06T03:13:14.028699Z",
      "stabilities": [
        "staging",
        "unstable"
      ],
      "unfree": false,
      "version": "113",
      "outputs_to_install": [
        "out",
        "out",
        "out",
        "out",
        "out",
        "out",
        "out",
        "out",
        "out"
      ],
      "outputs": {
        "dev": "/nix/store/x9zqgwph8i92jppic911kwpwld30drwn-libiconv-113-dev",
        "out": "/nix/store/qla3pimj2nqrklkhar0yv7127fcd1v86-libiconv-113"
      },
      "system": "aarch64-darwin",
      "group": "toplevel",
      "priority": 5
    },
    {
      "attr_path": "libiconv",
      "broken": false,
      "derivation": "/nix/store/b1m5y0h4r411yfvmfacyca5jsjv609r8-libiconv-113.drv",
      "description": "Iconv(3) implementation",
      "install_id": "libiconv",
      "license": "[ BSD-2-Clause, BSD-3-Clause, APSL-1.0 ]",
      "locked_url": "https://github.com/flox/nixpkgs?rev=d407951447dcd00442e97087bf374aad70c04cea",
      "name": "libiconv-113",
      "pname": "libiconv",
      "rev": "d407951447dcd00442e97087bf374aad70c04cea",
      "rev_count": 1027867,
      "rev_date": "2026-07-05T04:06:12Z",
      "scrape_date": "2026-07-06T04:09:24.042301Z",
      "stabilities": [
        "staging",
        "unstable"
      ],
      "unfree": false,
      "version": "113",
      "outputs_to_install": [
        "out"
      ],
      "outputs": {
        "dev": "/nix/store/zdqs550dy4kdpfigwl7rbyyljnikrajs-libiconv-113-dev",
        "out": "/nix/store/slbk44rhj2im5spq903ik7xpv1phz9rc-libiconv-113"
      },
      "system": "x86_64-darwin",
      "group": "toplevel",
      "priority": 5
    },
    {
      "attr_path": "rustup",
      "broken": false,
      "derivation": "/nix/store/s3r3w0xyjhzx5br829m733l8br01jd5l-rustup-1.29.0.drv",
      "description": "Rust toolchain installer",
      "install_id": "rustup",
      "license": "[ Apache-2.0, MIT ]",
      "locked_url": "https://github.com/flox/nixpkgs?rev=d407951447dcd00442e97087bf374aad70c04cea",
      "name": "rustup-1.29.0",
      "pname": "rustup",
      "rev": "d407951447dcd00442e97087bf374aad70c04cea",
      "rev_count": 1027867,
      "rev_date": "2026-07-05T04:06:12Z",
      "scrape_date": "2026-07-06T03:14:34.180998Z",
      "stabilities": [
        "staging",
        "unstable"
      ],
      "unfree": false,
      "version": "1.29.0",
      "outputs_to_install": [
        "out"
      ],
      "outputs": {
        "out": "/nix/store/v3r8r9l3qmxm9sb4gsnnrhz4xcz82fl2-rustup-1.29.0"
      },
      "system": "aarch64-darwin",
      "group": "toplevel",
      "priority": 5
    },
    {
      "attr_path": "rustup",
      "broken": false,
      "derivation": "/nix/store/fgsslkac3206lc92lkf2mjg6wrx1yrif-rustup-1.29.0.drv",
      "description": "Rust toolchain installer",
      "install_id": "rustup",
      "license": "[ Apache-2.0, MIT ]",
      "locked_url": "https://github.com/flox/nixpkgs?rev=d407951447dcd00442e97087bf374aad70c04cea",
      "name": "rustup-1.29.0",
      "pname": "rustup",
      "rev": "d407951447dcd00442e97087bf374aad70c04cea",
      "rev_count": 1027867,
      "rev_date": "2026-07-05T04:06:12Z",
      "scrape_date": "2026-07-06T03:43:31.360172Z",
      "stabilities": [
        "staging",
        "unstable"
      ],
      "unfree": false,
      "version": "1.29.0",
      "outputs_to_install": [
        "out"
      ],
      "outputs": {
        "out": "/nix/store/1ghz0g8a4p12amgzdsn0g7s47vzawxph-rustup-1.29.0"
      },
      "system": "aarch64-linux",
      "group": "toplevel",
      "priority": 5
    },
    {
      "attr_path": "rustup",
      "broken": false,
      "derivation": "/nix/store/4i8mjzybr1n5gy8a4bhjg0md4wy0r3yp-rustup-1.29.0.drv",
      "description": "Rust toolchain installer",
      "install_id": "rustup",
      "license": "[ Apache-2.0, MIT ]",
      "locked_url": "https://github.com/flox/nixpkgs?rev=d407951447dcd00442e97087bf374aad70c04cea",
      "name": "rustup-1.29.0",
      "pname": "rustup",
      "rev": "d407951447dcd00442e97087bf374aad70c04cea",
      "rev_count": 1027867,
      "rev_date": "2026-07-05T04:06:12Z",
      "scrape_date": "2026-07-06T04:11:03.694868Z",
      "stabilities": [
        "staging",
        "unstable"
      ],
      "unfree": false,
      "version": "1.29.0",
      "outputs_to_install": [
        "out"
      ],
      "outputs": {
        "out": "/nix/store/lvm2155pfw1b3a9g8cij5g7vx2dk4v9f-rustup-1.29.0"
      },
      "system": "x86_64-darwin",
      "group": "toplevel",
      "priority": 5
    },
    {
      "attr_path": "rustup",
      "broken": false,
      "derivation": "/nix/store/r84mgndg8lal1ww9b5zsxh2m99bl0xah-rustup-1.29.0.drv",
      "description": "Rust toolchain installer",
      "install_id": "rustup",
      "license": "[ Apache-2.0, MIT ]",
      "locked_url": "https://github.com/flox/nixpkgs?rev=d407951447dcd00442e97087bf374aad70c04cea",
      "name": "rustup-1.29.0",
      "pname": "rustup",
      "rev": "d407951447dcd00442e97087bf374aad70c04cea",
      "rev_count": 1027867,
      "rev_date": "2026-07-05T04:06:12Z",
      "scrape_date": "2026-07-06T04:42:43.587225Z",
      "stabilities": [
        "staging",
        "unstable"
      ],
      "unfree": false,
      "version": "1.29.0",
      "outputs_to_install": [
        "out"
      ],
      "outputs": {
        "out": "/nix/store/cxx967kpb69s62f8xh97qq1r2lhj6i3s-rustup-1.29.0"
      },
      "system": "x86_64-linux",
      "group": "toplevel",
      "priority": 5
    },
    {
      "attr_path": "watchexec",
      "broken": false,
      "derivation": "/nix/store/vxrs4pd2yd40nl19604dgv228fv74pjs-watchexec-2.5.1.drv",
      "description": "Executes commands in response to file modifications",
      "install_id": "watchexec",
      "license": "[ Apache-2.0 ]",
      "locked_url": "https://github.com/flox/nixpkgs?rev=d407951447dcd00442e97087bf374aad70c04cea",
      "name": "watchexec-2.5.1",
      "pname": "watchexec",
      "rev": "d407951447dcd00442e97087bf374aad70c04cea",
      "rev_count": 1027867,
      "rev_date": "2026-07-05T04:06:12Z",
      "scrape_date": "2026-07-06T03:15:51.940941Z",
      "stabilities": [
        "staging",
        "unstable"
      ],
      "unfree": false,
      "version": "2.5.1",
      "outputs_to_install": [
        "out"
      ],
      "outputs": {
        "out": "/nix/store/3ymk5cv1rvhsk11snqzsjnslzqy4g0ph-watchexec-2.5.1"
      },
      "system": "aarch64-darwin",
      "group": "toplevel",
      "priority": 5
    },
    {
      "attr_path": "watchexec",
      "broken": false,
      "derivation": "/nix/store/zynha0ybafarm8k0hkwxncv2nlkrb11h-watchexec-2.5.1.drv",
      "description": "Executes commands in response to file modifications",
      "install_id": "watchexec",
      "license": "[ Apache-2.0 ]",
      "locked_url": "https://github.com/flox/nixpkgs?rev=d407951447dcd00442e97087bf374aad70c04cea",
      "name": "watchexec-2.5.1",
      "pname": "watchexec",
      "rev": "d407951447dcd00442e97087bf374aad70c04cea",
      "rev_count": 1027867,
      "rev_date": "2026-07-05T04:06:12Z",
      "scrape_date": "2026-07-06T03:45:03.640913Z",
      "stabilities": [
        "staging",
        "unstable"
      ],
      "unfree": false,
      "version": "2.5.1",
      "outputs_to_install": [
        "out"
      ],
      "outputs": {
        "out": "/nix/store/ic6rwc215kkaf9a626k0wlqjvj4pgr06-watchexec-2.5.1"
      },
      "system": "aarch64-linux",
      "group": "toplevel",
      "priority": 5
    },
    {
      "attr_path": "watchexec",
      "broken": false,
      "derivation": "/nix/store/7lkgv4sychskvglansh7665sav4d2inb-watchexec-2.5.1.drv",
      "description": "Executes commands in response to file modifications",
      "install_id": "watchexec",
      "license": "[ Apache-2.0 ]",
      "locked_url": "https://github.com/flox/nixpkgs?rev=d407951447dcd00442e97087bf374aad70c04cea",
      "name": "watchexec-2.5.1",
      "pname": "watchexec",
      "rev": "d407951447dcd00442e97087bf374aad70c04cea",
      "rev_count": 1027867,
      "rev_date": "2026-07-05T04:06:12Z",
      "scrape_date": "2026-07-06T04:12:40.626597Z",
      "stabilities": [
        "staging",
        "unstable"
      ],
      "unfree": false,
      "version": "2.5.1",
      "outputs_to_install": [
        "out"
      ],
      "outputs": {
        "out": "/nix/store/8jq851bh3389k2y1kc7b7ddxrn3knjq0-watchexec-2.5.1"
      },
      "system": "x86_64-darwin",
      "group": "toplevel",
      "priority": 5
    },
    {
      "attr_path": "watchexec",
      "broken": false,
      "derivation": "/nix/store/fsn8wf0rcd226pm5sgk8x1mr2f10p951-watchexec-2.5.1.drv",
      "description": "Executes commands in response to file modifications",
      "install_id": "watchexec",
      "license": "[ Apache-2.0 ]",
      "locked_url": "https://github.com/flox/nixpkgs?rev=d407951447dcd00442e97087bf374aad70c04cea",
      "name": "watchexec-2.5.1",
      "pname": "watchexec",
      "rev": "d407951447dcd00442e97087bf374aad70c04cea",
      "rev_count": 1027867,
      "rev_date": "2026-07-05T04:06:12Z",
      "scrape_date": "2026-07-06T04:44:26.336174Z",
      "stabilities": [
        "staging",
        "unstable"
      ],
      "unfree": false,
      "version": "2.5.1",
      "outputs_to_install": [
        "out"
      ],
      "outputs": {
        "out": "/nix/store/4f67kvm4dlllmakjnm4dd42haaklddaw-watchexec-2.5.1"
      },
      "system": "x86_64-linux",
      "group": "toplevel",
      "priority": 5
    }
  ]
}
